
Microsoft Visual Studio Solution File, Format Version 12.00
# Visual Studio 14
VisualStudioVersion = 14.0.23107.0
MinimumVisualStudioVersion = 10.0.40219.1
Project("{FAE04EC0-301F-11D3-BF4B-00C04F79EFBC}") = "AkkaStats", "AkkaStats\AkkaStats.csproj", "{FD05F048-B91F-4029-9296-21DA1D31DF74}"
EndProject
Project("{FAE04EC0-301F-11D3-BF4B-00C04F79EFBC}") = "DocumentInspector", "DocumentInspector\DocumentInspector.csproj", "{190A1A13-BCDA-4A90-A965-D122207C4727}"
EndProject
Global
	GlobalSection(SolutionConfigurationPlatforms) = preSolution
		Debug|Any CPU = Debug|Any CPU
		Release|Any CPU = Release|Any CPU
	EndGlobalSection
	GlobalSection(ProjectConfigurationPlatforms) = postSolution
		{FD05F048-B91F-4029-9296-21DA1D31DF74}.Debug|Any CPU.ActiveCfg = Debug|Any CPU
		{FD05F048-B91F-4029-9296-21DA1D31DF74}.Debug|Any CPU.Build.0 = Debug|Any CPU
		{FD05F048-B91F-4029-9296-21DA1D31DF74}.Release|Any CPU.ActiveCfg = Release|Any CPU
		{FD05F048-B91F-4029-9296-21DA1D31DF74}.Release|Any CPU.Build.0 = Release|Any CPU
		{190A1A13-BCDA-4A90-A965-D122207C4727}.Debug|Any CPU.ActiveCfg = Debug|Any CPU
		{190A1A13-BCDA-4A90-A965-D122207C4727}.Debug|Any CPU.Build.0 = Debug|Any CPU
		{190A1A13-BCDA-4A90-A965-D122207C4727}.Release|Any CPU.ActiveCfg = Release|Any CPU
		{190A1A13-BCDA-4A90-A965-D122207C4727}.Release|Any CPU.Build.0 = Release|Any CPU
	EndGlobalSection
	GlobalSection(SolutionProperties) = preSolution
		HideSolutionNode = FALSE
	EndGlobalSection
EndGlobal
